
Microsoft Visual Studio Solution File, Format Version 12.00
# Visual Studio Version 16
VisualStudioVersion = 16.0.31205.134
MinimumVisualStudioVersion = 10.0.40219.1
Project("{9A19103F-16F7-4668-BE54-9A1E7A4F7556}") = "BakeryShop", "BakeryShop\BakeryShop.csproj", "{3D69EDDF-7074-49BC-9B0E-CB83A6E4265A}"
EndProject
Global
	GlobalSection(SolutionConfigurationPlatforms) = preSolution
		Debug|Any CPU = Debug|Any CPU
		Release|Any CPU = Release|Any CPU
	EndGlobalSection
	GlobalSection(ProjectConfigurationPlatforms) = postSolution
		{3D69EDDF-7074-49BC-9B0E-CB83A6E4265A}.Debug|Any CPU.ActiveCfg = Debug|Any CPU
		{3D69EDDF-7074-49BC-9B0E-CB83A6E4265A}.Debug|Any CPU.Build.0 = Debug|Any CPU
		{3D69EDDF-7074-49BC-9B0E-CB83A6E4265A}.Release|Any CPU.ActiveCfg = Release|Any CPU
		{3D69EDDF-7074-49BC-9B0E-CB83A6E4265A}.Release|Any CPU.Build.0 = Release|Any CPU
	EndGlobalSection
	GlobalSection(SolutionProperties) = preSolution
		HideSolutionNode = FALSE
	EndGlobalSection
	GlobalSection(ExtensibilityGlobals) = postSolution
		SolutionGuid = {C72A5693-305B-47E1-B714-BB1FFBB80C19}
	EndGlobalSection
EndGlobal
